
Microsoft Visual Studio Solution File, Format Version 12.00
# Visual Studio Version 16
VisualStudioVersion = 16.0.30406.217
MinimumVisualStudioVersion = 10.0.40219.1
Project("{FAE04EC0-301F-11D3-BF4B-00C04F79EFBC}") = "DesafioTecnico.Web", "DesafioTecnico.Web\DesafioTecnico.Web.csproj", "{DB667106-DE0C-462E-8859-B712D178BE45}"
EndProject
Project("{FAE04EC0-301F-11D3-BF4B-00C04F79EFBC}") = "DesafioTecnico.DAO", "DesafioTecnico.DAO\DesafioTecnico.DAO.csproj", "{5A17F0B3-C106-4073-97C8-A1E1DE113737}"
EndProject
Global
	GlobalSection(SolutionConfigurationPlatforms) = preSolution
		Debug|Any CPU = Debug|Any CPU
		Release|Any CPU = Release|Any CPU
	EndGlobalSection
	GlobalSection(ProjectConfigurationPlatforms) = postSolution
		{DB667106-DE0C-462E-8859-B712D178BE45}.Debug|Any CPU.ActiveCfg = Debug|Any CPU
		{DB667106-DE0C-462E-8859-B712D178BE45}.Debug|Any CPU.Build.0 = Debug|Any CPU
		{DB667106-DE0C-462E-8859-B712D178BE45}.Release|Any CPU.ActiveCfg = Release|Any CPU
		{DB667106-DE0C-462E-8859-B712D178BE45}.Release|Any CPU.Build.0 = Release|Any CPU
		{5A17F0B3-C106-4073-97C8-A1E1DE113737}.Debug|Any CPU.ActiveCfg = Debug|Any CPU
		{5A17F0B3-C106-4073-97C8-A1E1DE113737}.Debug|Any CPU.Build.0 = Debug|Any CPU
		{5A17F0B3-C106-4073-97C8-A1E1DE113737}.Release|Any CPU.ActiveCfg = Release|Any CPU
		{5A17F0B3-C106-4073-97C8-A1E1DE113737}.Release|Any CPU.Build.0 = Release|Any CPU
	EndGlobalSection
	GlobalSection(SolutionProperties) = preSolution
		HideSolutionNode = FALSE
	EndGlobalSection
	GlobalSection(ExtensibilityGlobals) = postSolution
		SolutionGuid = {3382144D-B3BB-4CAA-8182-399D5523AA17}
	EndGlobalSection
EndGlobal
